
Microsoft Visual Studio Solution File, Format Version 12.00
# Visual Studio 15
VisualStudioVersion = 15.0.28307.168
MinimumVisualStudioVersion = 10.0.40219.1
Project("{FAE04EC0-301F-11D3-BF4B-00C04F79EFBC}") = "UrlShortener", "UrlShortener\UrlShortener.csproj", "{DC276F9E-E6E0-4D20-BCB5-3BE8BB32CE64}"
EndProject
Global
	GlobalSection(SolutionConfigurationPlatforms) = preSolution
		Debug|Any CPU = Debug|Any CPU
		Release|Any CPU = Release|Any CPU
	EndGlobalSection
	GlobalSection(ProjectConfigurationPlatforms) = postSolution
		{DC276F9E-E6E0-4D20-BCB5-3BE8BB32CE64}.Debug|Any CPU.ActiveCfg = Debug|Any CPU
		{DC276F9E-E6E0-4D20-BCB5-3BE8BB32CE64}.Debug|Any CPU.Build.0 = Debug|Any CPU
		{DC276F9E-E6E0-4D20-BCB5-3BE8BB32CE64}.Release|Any CPU.ActiveCfg = Release|Any CPU
		{DC276F9E-E6E0-4D20-BCB5-3BE8BB32CE64}.Release|Any CPU.Build.0 = Release|Any CPU
	EndGlobalSection
	GlobalSection(SolutionProperties) = preSolution
		HideSolutionNode = FALSE
	EndGlobalSection
	GlobalSection(ExtensibilityGlobals) = postSolution
		SolutionGuid = {709933FA-9190-4CDF-BDC3-8D1E18448223}
	EndGlobalSection
EndGlobal
